
Microsoft Visual Studio Solution File, Format Version 12.00
# Visual Studio Version 17
VisualStudioVersion = 17.8.34330.188
MinimumVisualStudioVersion = 10.0.40219.1
Project("{FAE04EC0-301F-11D3-BF4B-00C04F79EFBC}") = "News", "News\News.csproj", "{FBB86E98-33FD-4B9A-BE4D-57A32DF27810}"
EndProject
Global
	GlobalSection(SolutionConfigurationPlatforms) = preSolution
		Debug|Any CPU = Debug|Any CPU
		Release|Any CPU = Release|Any CPU
	EndGlobalSection
	GlobalSection(ProjectConfigurationPlatforms) = postSolution
		{FBB86E98-33FD-4B9A-BE4D-57A32DF27810}.Debug|Any CPU.ActiveCfg = Debug|Any CPU
		{FBB86E98-33FD-4B9A-BE4D-57A32DF27810}.Debug|Any CPU.Build.0 = Debug|Any CPU
		{FBB86E98-33FD-4B9A-BE4D-57A32DF27810}.Release|Any CPU.ActiveCfg = Release|Any CPU
		{FBB86E98-33FD-4B9A-BE4D-57A32DF27810}.Release|Any CPU.Build.0 = Release|Any CPU
	EndGlobalSection
	GlobalSection(SolutionProperties) = preSolution
		HideSolutionNode = FALSE
	EndGlobalSection
	GlobalSection(ExtensibilityGlobals) = postSolution
		SolutionGuid = {CC85FAB4-2560-462A-B963-200F011D44C0}
	EndGlobalSection
EndGlobal
